<?xml version="1.0" encoding="utf-8"?>
<Project ToolsVersion="4.0" xmlns="http://schemas.microsoft.com/developer/msbuild/2003">
  <ItemGroup>
    <Filter Include="Source Files">
      <UniqueIdentifier>{4FC737F1-C7A5-4376-A066-2A32D752A2FF}</UniqueIdentifier>
      <Extensions>cpp;c;cc;cxx;def;odl;idl;hpj;bat;asm;asmx</Extensions>
    </Filter>
    <Filter Include="Header Files">
      <UniqueIdentifier>{93995380-89BD-4b04-88EB-625FBE52EBFB}</UniqueIdentifier>
      <Extensions>h;hpp;hxx;hm;inl;inc;xsd</Extensions>
    </Filter>
    <Filter Include="Resource Files">
      <UniqueIdentifier>{67DA6AB6-F800-4c08-8B7A-83BB121AAD01}</UniqueIdentifier>
      <Extensions>rc;ico;cur;bmp;dlg;rc2;rct;bin;rgs;gif;jpg;jpeg;jpe;resx;tiff;tif;png;wav;mfcribbon-ms</Extensions>
    </Filter>
    <Filter Include="Header Files\Ants">
      <UniqueIdentifier>{dcb3fa78-efe9-45db-8f81-db8cbc3039e1}</UniqueIdentifier>
    </Filter>
    <Filter Include="Source Files\Ants">
      <UniqueIdentifier>{ee70990d-049e-466d-987f-254f70254425}</UniqueIdentifier>
    </Filter>
  </ItemGroup>
  <ItemGroup>
    <ClCompile Include="AppManager.cpp">
      <Filter>Source Files</Filter>
    </ClCompile>
    <ClCompile Include="main.cpp">
      <Filter>Source Files</Filter>
    </ClCompile>
    <ClCompile Include="Ants\Ant.cpp">
      <Filter>Source Files\Ants</Filter>
    </ClCompile>
    <ClCompile Include="Ants\AntBaby.cpp">
      <Filter>Source Files\Ants</Filter>
    </ClCompile>
  </ItemGroup>
  <ItemGroup>
    <ClInclude Include="AppManager.h">
      <Filter>Header Files</Filter>
    </ClInclude>
    <ClInclude Include="Ants\Ant.h">
      <Filter>Header Files\Ants</Filter>
    </ClInclude>
    <ClInclude Include="Ants\AntBaby.h">
      <Filter>Header Files\Ants</Filter>
    </ClInclude>
  </ItemGroup>
</Project>