<?xml version="1.0" encoding="utf-8"?>
<Project ToolsVersion="4.0" xmlns="http://schemas.microsoft.com/developer/msbuild/2003">
  <ItemGroup>
    <Filter Include="Source Files">
      <UniqueIdentifier>{4FC737F1-C7A5-4376-A066-2A32D752A2FF}</UniqueIdentifier>
      <Extensions>cpp;c;cc;cxx;def;odl;idl;hpj;bat;asm;asmx</Extensions>
    </Filter>
    <Filter Include="Header Files">
      <UniqueIdentifier>{93995380-89BD-4b04-88EB-625FBE52EBFB}</UniqueIdentifier>
      <Extensions>h;hpp;hxx;hm;inl;inc;xsd</Extensions>
    </Filter>
    <Filter Include="Resource Files">
      <UniqueIdentifier>{67DA6AB6-F800-4c08-8B7A-83BB121AAD01}</UniqueIdentifier>
      <Extensions>rc;ico;cur;bmp;dlg;rc2;rct;bin;rgs;gif;jpg;jpeg;jpe;resx;tiff;tif;png;wav;mfcribbon-ms</Extensions>
    </Filter>
    <Filter Include="Header Files\Ants">
      <UniqueIdentifier>{dcb3fa78-efe9-45db-8f81-db8cbc3039e1}</UniqueIdentifier>
    </Filter>
    <Filter Include="Source Files\Ants">
      <UniqueIdentifier>{ee70990d-049e-466d-987f-254f70254425}</UniqueIdentifier>
    </Filter>
    <Filter Include="Source Files\Scripts">
      <UniqueIdentifier>{34d425c4-c09d-4708-8868-147f6d34c825}</UniqueIdentifier>
    </Filter>
    <Filter Include="Source Files\Scripts\conf">
      <UniqueIdentifier>{779a03d8-bbcb-4d34-b40c-f347fe8e9e5f}</UniqueIdentifier>
    </Filter>
    <Filter Include="Source Files\Scripts\actions">
      <UniqueIdentifier>{3a537afa-0bb9-4c28-8a31-e492171e04a8}</UniqueIdentifier>
    </Filter>
    <Filter Include="Header Files\Lua">
      <UniqueIdentifier>{cfa294ab-2e4e-45c2-8a5f-7e42d7fcdeb3}</UniqueIdentifier>
    </Filter>
    <Filter Include="Source Files\Lua">
      <UniqueIdentifier>{7de0eff2-1230-4dca-b608-44f79856d6dd}</UniqueIdentifier>
    </Filter>
  </ItemGroup>
  <ItemGroup>
    <ClCompile Include="AppManager.cpp">
      <Filter>Source Files</Filter>
    </ClCompile>
    <ClCompile Include="main.cpp">
      <Filter>Source Files</Filter>
    </ClCompile>
    <ClCompile Include="Ants\Ant.cpp">
      <Filter>Source Files\Ants</Filter>
    </ClCompile>
    <ClCompile Include="Ants\AntFactory.cpp">
      <Filter>Source Files\Ants</Filter>
    </ClCompile>
    <ClCompile Include="Ants\AntLarva.cpp">
      <Filter>Source Files\Ants</Filter>
    </ClCompile>
    <ClCompile Include="Ants\AntQueen.cpp">
      <Filter>Source Files\Ants</Filter>
    </ClCompile>
    <ClCompile Include="Lua\LuaManager.cpp">
      <Filter>Source Files\Lua</Filter>
    </ClCompile>
  </ItemGroup>
  <ItemGroup>
    <ClInclude Include="AppManager.h">
      <Filter>Header Files</Filter>
    </ClInclude>
    <ClInclude Include="Ants\Ant.h">
      <Filter>Header Files\Ants</Filter>
    </ClInclude>
    <ClInclude Include="Ants\AntFactory.h">
      <Filter>Header Files\Ants</Filter>
    </ClInclude>
    <ClInclude Include="Ants\AntLarva.h">
      <Filter>Header Files\Ants</Filter>
    </ClInclude>
    <ClInclude Include="Ants\AntQueen.h">
      <Filter>Header Files\Ants</Filter>
    </ClInclude>
    <ClInclude Include="Lua\LuaManager.h">
      <Filter>Header Files\Lua</Filter>
    </ClInclude>
  </ItemGroup>
  <ItemGroup>
    <None Include="scripts\conf\larva.lua">
      <Filter>Source Files\Scripts\conf</Filter>
    </None>
    <None Include="scripts\conf\queen.lua">
      <Filter>Source Files\Scripts\conf</Filter>
    </None>
    <None Include="scripts\actions\larva.lua">
      <Filter>Source Files\Scripts\actions</Filter>
    </None>
    <None Include="scripts\actions\queen.lua">
      <Filter>Source Files\Scripts\actions</Filter>
    </None>
  </ItemGroup>
</Project>